{
  "version": 4,
  "terraform_version": "0.13.5",
  "serial": 29,
  "lineage": "fb931205-76d3-1df6-9edf-4aca10f68a95",
  "outputs": {
    "ip_address": {
      "value": "13.79.80.189",
      "type": "string"
    },
    "timestamp": {
      "value": "2020-11-02T13:27:03Z",
      "type": "string"
    }
  },
  "resources": [
    {
      "mode": "managed",
      "type": "azurerm_lb",
      "name": "app",
      "provider": "provider[\"registry.terraform.io/hashicorp/azurerm\"]",
      "instances": [
        {
          "schema_version": 0,
          "attributes": {
            "frontend_ip_configuration": [
              {
                "id": "/subscriptions/bfc72275-f0da-4d5c-9013-1c84966eba65/resourceGroups/Test-ScaleSet/providers/Microsoft.Network/loadBalancers/Test-ScaleSet-lb/frontendIPConfigurations/PublicIPAddress",
                "inbound_nat_rules": [],
                "load_balancer_rules": [
                  "/subscriptions/bfc72275-f0da-4d5c-9013-1c84966eba65/resourceGroups/Test-ScaleSet/providers/Microsoft.Network/loadBalancers/Test-ScaleSet-lb/loadBalancingRules/http"
                ],
                "name": "PublicIPAddress",
                "outbound_rules": [],
                "private_ip_address": "",
                "private_ip_address_allocation": "Dynamic",
                "private_ip_address_version": "IPv4",
                "public_ip_address_id": "/subscriptions/bfc72275-f0da-4d5c-9013-1c84966eba65/resourceGroups/Test-ScaleSet/providers/Microsoft.Network/publicIPAddresses/Test-ScaleSet-public-ip",
                "public_ip_prefix_id": "",
                "subnet_id": "",
                "zones": []
              }
            ],
            "id": "/subscriptions/bfc72275-f0da-4d5c-9013-1c84966eba65/resourceGroups/Test-ScaleSet/providers/Microsoft.Network/loadBalancers/Test-ScaleSet-lb",
            "location": "northeurope",
            "name": "Test-ScaleSet-lb",
            "private_ip_address": "",
            "private_ip_addresses": [],
            "resource_group_name": "Test-ScaleSet",
            "sku": "Basic",
            "tags": {},
            "timeouts": null
          },
          "private": "eyJlMmJmYjczMC1lY2FhLTExZTYtOGY4OC0zNDM2M2JjN2M0YzAiOnsiY3JlYXRlIjoxODAwMDAwMDAwMDAwLCJkZWxldGUiOjE4MDAwMDAwMDAwMDAsInJlYWQiOjMwMDAwMDAwMDAwMCwidXBkYXRlIjoxODAwMDAwMDAwMDAwfX0=",
          "dependencies": [
            "azurerm_public_ip.app",
            "azurerm_resource_group.app"
          ]
        }
      ]
    },
    {
      "mode": "managed",
      "type": "azurerm_lb_backend_address_pool",
      "name": "app",
      "provider": "provider[\"registry.terraform.io/hashicorp/azurerm\"]",
      "instances": [
        {
          "schema_version": 0,
          "attributes": {
            "backend_ip_configurations": [
              "/subscriptions/bfc72275-f0da-4d5c-9013-1c84966eba65/resourceGroups/Test-ScaleSet/providers/Microsoft.Compute/virtualMachineScaleSets/Test-ScaleSet-vmss/virtualMachines/0/networkInterfaces/nic/ipConfigurations/public"
            ],
            "id": "/subscriptions/bfc72275-f0da-4d5c-9013-1c84966eba65/resourceGroups/Test-ScaleSet/providers/Microsoft.Network/loadBalancers/Test-ScaleSet-lb/backendAddressPools/BackEndAddressPool",
            "load_balancing_rules": [
              "/subscriptions/bfc72275-f0da-4d5c-9013-1c84966eba65/resourceGroups/Test-ScaleSet/providers/Microsoft.Network/loadBalancers/Test-ScaleSet-lb/loadBalancingRules/http"
            ],
            "loadbalancer_id": "/subscriptions/bfc72275-f0da-4d5c-9013-1c84966eba65/resourceGroups/Test-ScaleSet/providers/Microsoft.Network/loadBalancers/Test-ScaleSet-lb",
            "name": "BackEndAddressPool",
            "resource_group_name": "Test-ScaleSet",
            "timeouts": null
          },
          "private": "eyJlMmJmYjczMC1lY2FhLTExZTYtOGY4OC0zNDM2M2JjN2M0YzAiOnsiY3JlYXRlIjoxODAwMDAwMDAwMDAwLCJkZWxldGUiOjE4MDAwMDAwMDAwMDAsInJlYWQiOjMwMDAwMDAwMDAwMCwidXBkYXRlIjoxODAwMDAwMDAwMDAwfX0=",
          "dependencies": [
            "azurerm_lb.app",
            "azurerm_public_ip.app",
            "azurerm_resource_group.app"
          ]
        }
      ]
    },
    {
      "mode": "managed",
      "type": "azurerm_lb_probe",
      "name": "app",
      "provider": "provider[\"registry.terraform.io/hashicorp/azurerm\"]",
      "instances": [
        {
          "schema_version": 0,
          "attributes": {
            "id": "/subscriptions/bfc72275-f0da-4d5c-9013-1c84966eba65/resourceGroups/Test-ScaleSet/providers/Microsoft.Network/loadBalancers/Test-ScaleSet-lb/probes/httpProbe",
            "interval_in_seconds": 15,
            "load_balancer_rules": [
              "/subscriptions/bfc72275-f0da-4d5c-9013-1c84966eba65/resourceGroups/Test-ScaleSet/providers/Microsoft.Network/loadBalancers/Test-ScaleSet-lb/loadBalancingRules/http"
            ],
            "loadbalancer_id": "/subscriptions/bfc72275-f0da-4d5c-9013-1c84966eba65/resourceGroups/Test-ScaleSet/providers/Microsoft.Network/loadBalancers/Test-ScaleSet-lb",
            "name": "httpProbe",
            "number_of_probes": 2,
            "port": 80,
            "protocol": "Tcp",
            "request_path": "",
            "resource_group_name": "Test-ScaleSet",
            "timeouts": null
          },
          "private": "eyJlMmJmYjczMC1lY2FhLTExZTYtOGY4OC0zNDM2M2JjN2M0YzAiOnsiY3JlYXRlIjoxODAwMDAwMDAwMDAwLCJkZWxldGUiOjE4MDAwMDAwMDAwMDAsInJlYWQiOjMwMDAwMDAwMDAwMCwidXBkYXRlIjoxODAwMDAwMDAwMDAwfX0=",
          "dependencies": [
            "azurerm_lb.app",
            "azurerm_public_ip.app",
            "azurerm_resource_group.app"
          ]
        }
      ]
    },
    {
      "mode": "managed",
      "type": "azurerm_lb_rule",
      "name": "app",
      "provider": "provider[\"registry.terraform.io/hashicorp/azurerm\"]",
      "instances": [
        {
          "schema_version": 0,
          "attributes": {
            "backend_address_pool_id": "/subscriptions/bfc72275-f0da-4d5c-9013-1c84966eba65/resourceGroups/Test-ScaleSet/providers/Microsoft.Network/loadBalancers/Test-ScaleSet-lb/backendAddressPools/BackEndAddressPool",
            "backend_port": 80,
            "disable_outbound_snat": false,
            "enable_floating_ip": false,
            "enable_tcp_reset": false,
            "frontend_ip_configuration_id": "/subscriptions/bfc72275-f0da-4d5c-9013-1c84966eba65/resourceGroups/Test-ScaleSet/providers/Microsoft.Network/loadBalancers/Test-ScaleSet-lb/frontendIPConfigurations/PublicIPAddress",
            "frontend_ip_configuration_name": "PublicIPAddress",
            "frontend_port": 80,
            "id": "/subscriptions/bfc72275-f0da-4d5c-9013-1c84966eba65/resourceGroups/Test-ScaleSet/providers/Microsoft.Network/loadBalancers/Test-ScaleSet-lb/loadBalancingRules/http",
            "idle_timeout_in_minutes": 4,
            "load_distribution": "Default",
            "loadbalancer_id": "/subscriptions/bfc72275-f0da-4d5c-9013-1c84966eba65/resourceGroups/Test-ScaleSet/providers/Microsoft.Network/loadBalancers/Test-ScaleSet-lb",
            "name": "http",
            "probe_id": "/subscriptions/bfc72275-f0da-4d5c-9013-1c84966eba65/resourceGroups/Test-ScaleSet/providers/Microsoft.Network/loadBalancers/Test-ScaleSet-lb/probes/httpProbe",
            "protocol": "Tcp",
            "resource_group_name": "Test-ScaleSet",
            "timeouts": null
          },
          "private": "eyJlMmJmYjczMC1lY2FhLTExZTYtOGY4OC0zNDM2M2JjN2M0YzAiOnsiY3JlYXRlIjoxODAwMDAwMDAwMDAwLCJkZWxldGUiOjE4MDAwMDAwMDAwMDAsInJlYWQiOjMwMDAwMDAwMDAwMCwidXBkYXRlIjoxODAwMDAwMDAwMDAwfX0=",
          "dependencies": [
            "azurerm_lb.app",
            "azurerm_lb_backend_address_pool.app",
            "azurerm_lb_probe.app",
            "azurerm_public_ip.app",
            "azurerm_resource_group.app"
          ]
        }
      ]
    },
    {
      "mode": "managed",
      "type": "azurerm_linux_virtual_machine_scale_set",
      "name": "app",
      "provider": "provider[\"registry.terraform.io/hashicorp/azurerm\"]",
      "instances": [
        {
          "schema_version": 0,
          "attributes": {
            "additional_capabilities": [],
            "admin_password": "12letmeiN!",
            "admin_ssh_key": [],
            "admin_username": "azureuser",
            "automatic_instance_repair": [
              {
                "enabled": false,
                "grace_period": "PT30M"
              }
            ],
            "automatic_os_upgrade_policy": [
              {
                "disable_automatic_rollback": false,
                "enable_automatic_os_upgrade": true
              }
            ],
            "boot_diagnostics": [],
            "computer_name_prefix": "Test-ScaleSet-vmss",
            "custom_data": null,
            "data_disk": [],
            "disable_password_authentication": false,
            "do_not_run_extensions_on_overprovisioned_machines": false,
            "encryption_at_host_enabled": false,
            "eviction_policy": "",
            "extension": [],
            "health_probe_id": "/subscriptions/bfc72275-f0da-4d5c-9013-1c84966eba65/resourceGroups/Test-ScaleSet/providers/Microsoft.Network/loadBalancers/Test-ScaleSet-lb/probes/httpProbe",
            "id": "/subscriptions/bfc72275-f0da-4d5c-9013-1c84966eba65/resourceGroups/Test-ScaleSet/providers/Microsoft.Compute/virtualMachineScaleSets/Test-ScaleSet-vmss",
            "identity": [],
            "instances": 1,
            "location": "northeurope",
            "max_bid_price": -1,
            "name": "Test-ScaleSet-vmss",
            "network_interface": [
              {
                "dns_servers": [],
                "enable_accelerated_networking": false,
                "enable_ip_forwarding": false,
                "ip_configuration": [
                  {
                    "application_gateway_backend_address_pool_ids": [],
                    "application_security_group_ids": [],
                    "load_balancer_backend_address_pool_ids": [
                      "/subscriptions/bfc72275-f0da-4d5c-9013-1c84966eba65/resourceGroups/Test-ScaleSet/providers/Microsoft.Network/loadBalancers/Test-ScaleSet-lb/backendAddressPools/BackEndAddressPool"
                    ],
                    "load_balancer_inbound_nat_rules_ids": [],
                    "name": "public",
                    "primary": true,
                    "public_ip_address": [],
                    "subnet_id": "/subscriptions/bfc72275-f0da-4d5c-9013-1c84966eba65/resourceGroups/Test-ScaleSet/providers/Microsoft.Network/virtualNetworks/Test-ScaleSet-vnet/subnets/public",
                    "version": "IPv4"
                  }
                ],
                "name": "nic",
                "network_security_group_id": "",
                "primary": true
              }
            ],
            "os_disk": [
              {
                "caching": "ReadWrite",
                "diff_disk_settings": [],
                "disk_encryption_set_id": "",
                "disk_size_gb": 30,
                "storage_account_type": "Standard_LRS",
                "write_accelerator_enabled": false
              }
            ],
            "overprovision": true,
            "plan": [],
            "priority": "Regular",
            "provision_vm_agent": true,
            "proximity_placement_group_id": "",
            "resource_group_name": "Test-ScaleSet",
            "rolling_upgrade_policy": [
              {
                "max_batch_instance_percent": 30,
                "max_unhealthy_instance_percent": 30,
                "max_unhealthy_upgraded_instance_percent": 30,
                "pause_time_between_batches": "PT30S"
              }
            ],
            "scale_in_policy": "Default",
            "secret": [],
            "single_placement_group": true,
            "sku": "Standard_B1s",
            "source_image_id": "",
            "source_image_reference": [
              {
                "offer": "UbuntuServer",
                "publisher": "Canonical",
                "sku": "18.04-LTS",
                "version": "latest"
              }
            ],
            "tags": {},
            "terminate_notification": [],
            "timeouts": null,
            "unique_id": "a00a41f4-6e81-4afd-aab8-02f809165bd3",
            "upgrade_mode": "Automatic",
            "zone_balance": false,
            "zones": []
          },
          "private": "eyJlMmJmYjczMC1lY2FhLTExZTYtOGY4OC0zNDM2M2JjN2M0YzAiOnsiY3JlYXRlIjoxODAwMDAwMDAwMDAwLCJkZWxldGUiOjE4MDAwMDAwMDAwMDAsInJlYWQiOjMwMDAwMDAwMDAwMCwidXBkYXRlIjozNjAwMDAwMDAwMDAwfX0=",
          "dependencies": [
            "azurerm_lb.app",
            "azurerm_lb_backend_address_pool.app",
            "azurerm_lb_probe.app",
            "azurerm_public_ip.app",
            "azurerm_resource_group.app",
            "azurerm_subnet.app",
            "azurerm_virtual_network.app"
          ]
        }
      ]
    },
    {
      "mode": "managed",
      "type": "azurerm_public_ip",
      "name": "app",
      "provider": "provider[\"registry.terraform.io/hashicorp/azurerm\"]",
      "instances": [
        {
          "schema_version": 0,
          "attributes": {
            "allocation_method": "Dynamic",
            "domain_name_label": null,
            "fqdn": null,
            "id": "/subscriptions/bfc72275-f0da-4d5c-9013-1c84966eba65/resourceGroups/Test-ScaleSet/providers/Microsoft.Network/publicIPAddresses/Test-ScaleSet-public-ip",
            "idle_timeout_in_minutes": 30,
            "ip_address": "13.79.80.189",
            "ip_version": "IPv4",
            "location": "northeurope",
            "name": "Test-ScaleSet-public-ip",
            "public_ip_prefix_id": null,
            "resource_group_name": "Test-ScaleSet",
            "reverse_fqdn": null,
            "sku": "Basic",
            "tags": {},
            "timeouts": null,
            "zones": []
          },
          "private": "eyJlMmJmYjczMC1lY2FhLTExZTYtOGY4OC0zNDM2M2JjN2M0YzAiOnsiY3JlYXRlIjoxODAwMDAwMDAwMDAwLCJkZWxldGUiOjE4MDAwMDAwMDAwMDAsInJlYWQiOjMwMDAwMDAwMDAwMCwidXBkYXRlIjoxODAwMDAwMDAwMDAwfX0=",
          "dependencies": [
            "azurerm_resource_group.app"
          ]
        }
      ]
    },
    {
      "mode": "managed",
      "type": "azurerm_resource_group",
      "name": "app",
      "provider": "provider[\"registry.terraform.io/hashicorp/azurerm\"]",
      "instances": [
        {
          "schema_version": 0,
          "attributes": {
            "id": "/subscriptions/bfc72275-f0da-4d5c-9013-1c84966eba65/resourceGroups/Test-ScaleSet",
            "location": "northeurope",
            "name": "Test-ScaleSet",
            "tags": {},
            "timeouts": null
          },
          "private": "eyJlMmJmYjczMC1lY2FhLTExZTYtOGY4OC0zNDM2M2JjN2M0YzAiOnsiY3JlYXRlIjo1NDAwMDAwMDAwMDAwLCJkZWxldGUiOjU0MDAwMDAwMDAwMDAsInJlYWQiOjMwMDAwMDAwMDAwMCwidXBkYXRlIjo1NDAwMDAwMDAwMDAwfX0="
        }
      ]
    },
    {
      "mode": "managed",
      "type": "azurerm_subnet",
      "name": "app",
      "provider": "provider[\"registry.terraform.io/hashicorp/azurerm\"]",
      "instances": [
        {
          "schema_version": 0,
          "attributes": {
            "address_prefix": "10.0.2.0/24",
            "address_prefixes": [
              "10.0.2.0/24"
            ],
            "delegation": [],
            "enforce_private_link_endpoint_network_policies": false,
            "enforce_private_link_service_network_policies": false,
            "id": "/subscriptions/bfc72275-f0da-4d5c-9013-1c84966eba65/resourceGroups/Test-ScaleSet/providers/Microsoft.Network/virtualNetworks/Test-ScaleSet-vnet/subnets/public",
            "name": "public",
            "resource_group_name": "Test-ScaleSet",
            "service_endpoints": [],
            "timeouts": null,
            "virtual_network_name": "Test-ScaleSet-vnet"
          },
          "private": "eyJlMmJmYjczMC1lY2FhLTExZTYtOGY4OC0zNDM2M2JjN2M0YzAiOnsiY3JlYXRlIjoxODAwMDAwMDAwMDAwLCJkZWxldGUiOjE4MDAwMDAwMDAwMDAsInJlYWQiOjMwMDAwMDAwMDAwMCwidXBkYXRlIjoxODAwMDAwMDAwMDAwfX0=",
          "dependencies": [
            "azurerm_resource_group.app",
            "azurerm_virtual_network.app"
          ]
        }
      ]
    },
    {
      "mode": "managed",
      "type": "azurerm_virtual_machine_scale_set_extension",
      "name": "app",
      "provider": "provider[\"registry.terraform.io/hashicorp/azurerm\"]",
      "instances": [
        {
          "schema_version": 0,
          "attributes": {
            "auto_upgrade_minor_version": true,
            "force_update_tag": "2020-11-02T13:27:03Z",
            "id": "/subscriptions/bfc72275-f0da-4d5c-9013-1c84966eba65/resourceGroups/Test-ScaleSet/providers/Microsoft.Compute/virtualMachineScaleSets/Test-ScaleSet-vmss/extensions/Test-ScaleSet-Extension1",
            "name": "Test-ScaleSet-Extension1",
            "protected_settings": null,
            "provision_after_extensions": [],
            "publisher": "Microsoft.Azure.Extensions",
            "settings": "{\"commandToExecute\":\"bash automate_nginx.sh 2020-11-02T13:27:03Z\",\"fileUris\":[\"https://raw.githubusercontent.com/vivaladan/Test-ScaleSet/main/automate_nginx.sh\"]}",
            "timeouts": null,
            "type": "CustomScript",
            "type_handler_version": "2.0",
            "virtual_machine_scale_set_id": "/subscriptions/bfc72275-f0da-4d5c-9013-1c84966eba65/resourceGroups/Test-ScaleSet/providers/Microsoft.Compute/virtualMachineScaleSets/Test-ScaleSet-vmss"
          },
          "private": "eyJlMmJmYjczMC1lY2FhLTExZTYtOGY4OC0zNDM2M2JjN2M0YzAiOnsiY3JlYXRlIjoxODAwMDAwMDAwMDAwLCJkZWxldGUiOjE4MDAwMDAwMDAwMDAsInJlYWQiOjMwMDAwMDAwMDAwMCwidXBkYXRlIjoxODAwMDAwMDAwMDAwfX0=",
          "dependencies": [
            "azurerm_linux_virtual_machine_scale_set.app"
          ]
        }
      ]
    },
    {
      "mode": "managed",
      "type": "azurerm_virtual_network",
      "name": "app",
      "provider": "provider[\"registry.terraform.io/hashicorp/azurerm\"]",
      "instances": [
        {
          "schema_version": 0,
          "attributes": {
            "address_space": [
              "10.0.0.0/16"
            ],
            "ddos_protection_plan": [],
            "dns_servers": [],
            "guid": "da2c0f34-42da-413a-a157-6579435b5345",
            "id": "/subscriptions/bfc72275-f0da-4d5c-9013-1c84966eba65/resourceGroups/Test-ScaleSet/providers/Microsoft.Network/virtualNetworks/Test-ScaleSet-vnet",
            "location": "northeurope",
            "name": "Test-ScaleSet-vnet",
            "resource_group_name": "Test-ScaleSet",
            "subnet": [
              {
                "address_prefix": "10.0.2.0/24",
                "id": "/subscriptions/bfc72275-f0da-4d5c-9013-1c84966eba65/resourceGroups/Test-ScaleSet/providers/Microsoft.Network/virtualNetworks/Test-ScaleSet-vnet/subnets/public",
                "name": "public",
                "security_group": ""
              }
            ],
            "tags": {},
            "timeouts": null
          },
          "private": "eyJlMmJmYjczMC1lY2FhLTExZTYtOGY4OC0zNDM2M2JjN2M0YzAiOnsiY3JlYXRlIjoxODAwMDAwMDAwMDAwLCJkZWxldGUiOjE4MDAwMDAwMDAwMDAsInJlYWQiOjMwMDAwMDAwMDAwMCwidXBkYXRlIjoxODAwMDAwMDAwMDAwfX0=",
          "dependencies": [
            "azurerm_resource_group.app"
          ]
        }
      ]
    }
  ]
}
